# This file was autogenerated by Stack.
# You should not edit this file by hand.
# For more information, please see the documentation at:
#   https://docs.haskellstack.org/en/stable/lock_files

packages:
- completed:
    hackage: ghc-lib-parser-8.8.1@sha256:81dc4ed6ae6b7ccfda1e62e3c2d9a8600f8ecf45e4237d4dc099ccd4b74db180,8341
    pantry-tree:
      size: 18001
      sha256: d848b118b7af6a7e79340eb97de39dcfc600bdd2fec3ee91db5e848a283cd081
  original:
    hackage: ghc-lib-parser-8.8.1
snapshots:
- completed:
    size: 524154
    url: https://raw.githubusercontent.com/commercialhaskell/stackage-snapshots/master/lts/14/20.yaml
    sha256: 2f5099f69ddb6abfe64400fe1e6a604e8e628f55e6837211cd70a81eb0a8fa4d
  original: lts-14.20
